// !$*UTF8*$!
{
	archiveVersion = 1;
	classes = {
	};
	objectVersion = 77;
	objects = {

/* Begin PBXBuildFile section */
		EF44FC362FF1076C0053F4F1 /* ComposableArchitecture in Frameworks */ = {isa = PBXBuildFile; productRef = EF44FC352FF1076C0053F4F1 /* ComposableArchitecture */; };
		EF44FC3B2FF108AE0053F4F1 /* ContentView.swift in Sources */ = {isa = PBXBuildFile; fileRef = EF44FC382FF108AE0053F4F1 /* ContentView.swift */; };
		EF44FC3C2FF108AE0053F4F1 /* TCA_learnApp.swift in Sources */ = {isa = PBXBuildFile; fileRef = EF44FC392FF108AE0053F4F1 /* TCA_learnApp.swift */; };
		EF44FC3D2FF108AE0053F4F1 /* Assets.xcassets in Resources */ = {isa = PBXBuildFile; fileRef = EF44FC372FF108AE0053F4F1 /* Assets.xcassets */; };
		EF44FC402FF108CA0053F4F1 /* CounterFeature.swift in Sources */ = {isa = PBXBuildFile; fileRef = EF44FC3F2FF108CA0053F4F1 /* CounterFeature.swift */; };
		EF44FC422FF109F90053F4F1 /* CounterView.swift in Sources */ = {isa = PBXBuildFile; fileRef = EF44FC412FF109F90053F4F1 /* CounterView.swift */; };
		EF44FC452FF11B1F0053F4F1 /* FetchImageFeature.swift in Sources */ = {isa = PBXBuildFile; fileRef = EF44FC442FF11B1F0053F4F1 /* FetchImageFeature.swift */; };
		EF44FC902FF1271D0053F4F1 /* FetchImageView.swift in Sources */ = {isa = PBXBuildFile; fileRef = EF44FC8F2FF1271D0053F4F1 /* FetchImageView.swift */; };
/* End PBXBuildFile section */

/* Begin PBXContainerItemProxy section */
		EF44FC172FF1070B0053F4F1 /* PBXContainerItemProxy */ = {
			isa = PBXContainerItemProxy;
			containerPortal = EF44FC012FF107090053F4F1 /* Project object */;
			proxyType = 1;
			remoteGlobalIDString = EF44FC082FF107090053F4F1;
			remoteInfo = "TCA-learn";
		};
		EF44FC212FF1070B0053F4F1 /* PBXContainerItemProxy */ = {
			isa = PBXContainerItemProxy;
			containerPortal = EF44FC012FF107090053F4F1 /* Project object */;
			proxyType = 1;
			remoteGlobalIDString = EF44FC082FF107090053F4F1;
			remoteInfo = "TCA-learn";
		};
/* End PBXContainerItemProxy section */

/* Begin PBXFileReference section */
		EF44FC092FF107090053F4F1 /* TCA-learn.app */ = {isa = PBXFileReference; explicitFileType = wrapper.application; includeInIndex = 0; path = "TCA-learn.app"; sourceTree = BUILT_PRODUCTS_DIR; };
		EF44FC162FF1070B0053F4F1 /* TCA-learnTests.xctest */ = {isa = PBXFileReference; explicitFileType = wrapper.cfbundle; includeInIndex = 0; path = "TCA-learnTests.xctest"; sourceTree = BUILT_PRODUCTS_DIR; };
		EF44FC202FF1070B0053F4F1 /* TCA-learnUITests.xctest */ = {isa = PBXFileReference; explicitFileType = wrapper.cfbundle; includeInIndex = 0; path = "TCA-learnUITests.xctest"; sourceTree = BUILT_PRODUCTS_DIR; };
		EF44FC372FF108AE0053F4F1 /* Assets.xcassets */ = {isa = PBXFileReference; lastKnownFileType = folder.assetcatalog; path = Assets.xcassets; sourceTree = "<group>"; };
		EF44FC382FF108AE0053F4F1 /* ContentView.swift */ = {isa = PBXFileReference; lastKnownFileType = sourcecode.swift; path = ContentView.swift; sourceTree = "<group>"; };
		EF44FC392FF108AE0053F4F1 /* TCA_learnApp.swift */ = {isa = PBXFileReference; lastKnownFileType = sourcecode.swift; path = TCA_learnApp.swift; sourceTree = "<group>"; };
		EF44FC3F2FF108CA0053F4F1 /* CounterFeature.swift */ = {isa = PBXFileReference; lastKnownFileType = sourcecode.swift; path = CounterFeature.swift; sourceTree = "<group>"; };
		EF44FC412FF109F90053F4F1 /* CounterView.swift */ = {isa = PBXFileReference; lastKnownFileType = sourcecode.swift; path = CounterView.swift; sourceTree = "<group>"; };
		EF44FC442FF11B1F0053F4F1 /* FetchImageFeature.swift */ = {isa = PBXFileReference; lastKnownFileType = sourcecode.swift; path = FetchImageFeature.swift; sourceTree = "<group>"; };
		EF44FC8F2FF1271D0053F4F1 /* FetchImageView.swift */ = {isa = PBXFileReference; lastKnownFileType = sourcecode.swift; path = FetchImageView.swift; sourceTree = "<group>"; };
/* End PBXFileReference section */

/* Begin PBXFileSystemSynchronizedRootGroup section */
		EF44FC192FF1070B0053F4F1 /* TCA-learnTests */ = {
			isa = PBXFileSystemSynchronizedRootGroup;
			path = "TCA-learnTests";
			sourceTree = "<group>";
		};
		EF44FC232FF1070B0053F4F1 /* TCA-learnUITests */ = {
			isa = PBXFileSystemSynchronizedRootGroup;
			path = "TCA-learnUITests";
			sourceTree = "<group>";
		};
/* End PBXFileSystemSynchronizedRootGroup section */

/* Begin PBXFrameworksBuildPhase section */
		EF44FC062FF107090053F4F1 /* Frameworks */ = {
			isa = PBXFrameworksBuildPhase;
			buildActionMask = 2147483647;
			files = (
				EF44FC362FF1076C0053F4F1 /* ComposableArchitecture in Frameworks */,
			);
			runOnlyForDeploymentPostprocessing = 0;
		};
		EF44FC132FF1070B0053F4F1 /* Frameworks */ = {
			isa = PBXFrameworksBuildPhase;
			buildActionMask = 2147483647;
			files = (
			);
			runOnlyForDeploymentPostprocessing = 0;
		};
		EF44FC1D2FF1070B0053F4F1 /* Frameworks */ = {
			isa = PBXFrameworksBuildPhase;
			buildActionMask = 2147483647;
			files = (
			);
			runOnlyForDeploymentPostprocessing = 0;
		};
/* End PBXFrameworksBuildPhase section */

/* Begin PBXGroup section */
		EF44FC002FF107090053F4F1 = {
			isa = PBXGroup;
			children = (
				EF44FC3A2FF108AE0053F4F1 /* TCA-learn */,
				EF44FC192FF1070B0053F4F1 /* TCA-learnTests */,
				EF44FC232FF1070B0053F4F1 /* TCA-learnUITests */,
				EF44FC342FF1076C0053F4F1 /* Frameworks */,
				EF44FC0A2FF107090053F4F1 /* Products */,
			);
			sourceTree = "<group>";
		};
		EF44FC0A2FF107090053F4F1 /* Products */ = {
			isa = PBXGroup;
			children = (
				EF44FC092FF107090053F4F1 /* TCA-learn.app */,
				EF44FC162FF1070B0053F4F1 /* TCA-learnTests.xctest */,
				EF44FC202FF1070B0053F4F1 /* TCA-learnUITests.xctest */,
			);
			name = Products;
			sourceTree = "<group>";
		};
		EF44FC342FF1076C0053F4F1 /* Frameworks */ = {
			isa = PBXGroup;
			children = (
			);
			name = Frameworks;
			sourceTree = "<group>";
		};
		EF44FC3A2FF108AE0053F4F1 /* TCA-learn */ = {
			isa = PBXGroup;
			children = (
				EF44FC432FF118DE0053F4F1 /* FetchNetworkImage-TCA */,
				EF44FC3E2FF108B60053F4F1 /* CounterTCA */,
				EF44FC372FF108AE0053F4F1 /* Assets.xcassets */,
				EF44FC382FF108AE0053F4F1 /* ContentView.swift */,
				EF44FC392FF108AE0053F4F1 /* TCA_learnApp.swift */,
			);
			path = "TCA-learn";
			sourceTree = "<group>";
		};
		EF44FC3E2FF108B60053F4F1 /* CounterTCA */ = {
			isa = PBXGroup;
			children = (
				EF44FC3F2FF108CA0053F4F1 /* CounterFeature.swift */,
				EF44FC412FF109F90053F4F1 /* CounterView.swift */,
			);
			path = CounterTCA;
			sourceTree = "<group>";
		};
		EF44FC432FF118DE0053F4F1 /* FetchNetworkImage-TCA */ = {
			isa = PBXGroup;
			children = (
				EF44FC442FF11B1F0053F4F1 /* FetchImageFeature.swift */,
				EF44FC8F2FF1271D0053F4F1 /* FetchImageView.swift */,
			);
			path = "FetchNetworkImage-TCA";
			sourceTree = "<group>";
		};
/* End PBXGroup section */

/* Begin PBXNativeTarget section */
		EF44FC082FF107090053F4F1 /* TCA-learn */ = {
			isa = PBXNativeTarget;
			buildConfigurationList = EF44FC2A2FF1070B0053F4F1 /* Build configuration list for PBXNativeTarget "TCA-learn" */;
			buildPhases = (
				EF44FC052FF107090053F4F1 /* Sources */,
				EF44FC062FF107090053F4F1 /* Frameworks */,
				EF44FC072FF107090053F4F1 /* Resources */,
			);
			buildRules = (
			);
			dependencies = (
			);
			name = "TCA-learn";
			packageProductDependencies = (
				EF44FC352FF1076C0053F4F1 /* ComposableArchitecture */,
			);
			productName = "TCA-learn";
			productReference = EF44FC092FF107090053F4F1 /* TCA-learn.app */;
			productType = "com.apple.product-type.application";
		};
		EF44FC152FF1070B0053F4F1 /* TCA-learnTests */ = {
			isa = PBXNativeTarget;
			buildConfigurationList = EF44FC2D2FF1070B0053F4F1 /* Build configuration list for PBXNativeTarget "TCA-learnTests" */;
			buildPhases = (
				EF44FC122FF1070B0053F4F1 /* Sources */,
				EF44FC132FF1070B0053F4F1 /* Frameworks */,
				EF44FC142FF1070B0053F4F1 /* Resources */,
			);
			buildRules = (
			);
			dependencies = (
				EF44FC182FF1070B0053F4F1 /* PBXTargetDependency */,
			);
			fileSystemSynchronizedGroups = (
				EF44FC192FF1070B0053F4F1 /* TCA-learnTests */,
			);
			name = "TCA-learnTests";
			packageProductDependencies = (
			);
			productName = "TCA-learnTests";
			productReference = EF44FC162FF1070B0053F4F1 /* TCA-learnTests.xctest */;
			productType = "com.apple.product-type.bundle.unit-test";
		};
		EF44FC1F2FF1070B0053F4F1 /* TCA-learnUITests */ = {
			isa = PBXNativeTarget;
			buildConfigurationList = EF44FC302FF1070B0053F4F1 /* Build configuration list for PBXNativeTarget "TCA-learnUITests" */;
			buildPhases = (
				EF44FC1C2FF1070B0053F4F1 /* Sources */,
				EF44FC1D2FF1070B0053F4F1 /* Frameworks */,
				EF44FC1E2FF1070B0053F4F1 /* Resources */,
			);
			buildRules = (
			);
			dependencies = (
				EF44FC222FF1070B0053F4F1 /* PBXTargetDependency */,
			);
			fileSystemSynchronizedGroups = (
				EF44FC232FF1070B0053F4F1 /* TCA-learnUITests */,
			);
			name = "TCA-learnUITests";
			packageProductDependencies = (
			);
			productName = "TCA-learnUITests";
			productReference = EF44FC202FF1070B0053F4F1 /* TCA-learnUITests.xctest */;
			productType = "com.apple.product-type.bundle.ui-testing";
		};
/* End PBXNativeTarget section */

/* Begin PBXProject section */
		EF44FC012FF107090053F4F1 /* Project object */ = {
			isa = PBXProject;
			attributes = {
				BuildIndependentTargetsInParallel = 1;
				LastSwiftUpdateCheck = 2650;
				LastUpgradeCheck = 2650;
				TargetAttributes = {
					EF44FC082FF107090053F4F1 = {
						CreatedOnToolsVersion = 26.5;
					};
					EF44FC152FF1070B0053F4F1 = {
						CreatedOnToolsVersion = 26.5;
						TestTargetID = EF44FC082FF107090053F4F1;
					};
					EF44FC1F2FF1070B0053F4F1 = {
						CreatedOnToolsVersion = 26.5;
						TestTargetID = EF44FC082FF107090053F4F1;
					};
				};
			};
			buildConfigurationList = EF44FC042FF107090053F4F1 /* Build configuration list for PBXProject "TCA-learn" */;
			developmentRegion = en;
			hasScannedForEncodings = 0;
			knownRegions = (
				en,
				Base,
			);
			mainGroup = EF44FC002FF107090053F4F1;
			minimizedProjectReferenceProxies = 1;
			packageReferences = (
				EF44FC332FF107580053F4F1 /* XCRemoteSwiftPackageReference "swift-composable-architecture" */,
			);
			preferredProjectObjectVersion = 77;
			productRefGroup = EF44FC0A2FF107090053F4F1 /* Products */;
			projectDirPath = "";
			projectRoot = "";
			targets = (
				EF44FC082FF107090053F4F1 /* TCA-learn */,
				EF44FC152FF1070B0053F4F1 /* TCA-learnTests */,
				EF44FC1F2FF1070B0053F4F1 /* TCA-learnUITests */,
			);
		};
/* End PBXProject section */

/* Begin PBXResourcesBuildPhase section */
		EF44FC072FF107090053F4F1 /* Resources */ = {
			isa = PBXResourcesBuildPhase;
			buildActionMask = 2147483647;
			files = (
				EF44FC3D2FF108AE0053F4F1 /* Assets.xcassets in Resources */,
			);
			runOnlyForDeploymentPostprocessing = 0;
		};
		EF44FC142FF1070B0053F4F1 /* Resources */ = {
			isa = PBXResourcesBuildPhase;
			buildActionMask = 2147483647;
			files = (
			);
			runOnlyForDeploymentPostprocessing = 0;
		};
		EF44FC1E2FF1070B0053F4F1 /* Resources */ = {
			isa = PBXResourcesBuildPhase;
			buildActionMask = 2147483647;
			files = (
			);
			runOnlyForDeploymentPostprocessing = 0;
		};
/* End PBXResourcesBuildPhase section */

/* Begin PBXSourcesBuildPhase section */
		EF44FC052FF107090053F4F1 /* Sources */ = {
			isa = PBXSourcesBuildPhase;
			buildActionMask = 2147483647;
			files = (
				EF44FC402FF108CA0053F4F1 /* CounterFeature.swift in Sources */,
				EF44FC3B2FF108AE0053F4F1 /* ContentView.swift in Sources */,
				EF44FC452FF11B1F0053F4F1 /* FetchImageFeature.swift in Sources */,
				EF44FC902FF1271D0053F4F1 /* FetchImageView.swift in Sources */,
				EF44FC3C2FF108AE0053F4F1 /* TCA_learnApp.swift in Sources */,
				EF44FC422FF109F90053F4F1 /* CounterView.swift in Sources */,
			);
			runOnlyForDeploymentPostprocessing = 0;
		};
		EF44FC122FF1070B0053F4F1 /* Sources */ = {
			isa = PBXSourcesBuildPhase;
			buildActionMask = 2147483647;
			files = (
			);
			runOnlyForDeploymentPostprocessing = 0;
		};
		EF44FC1C2FF1070B0053F4F1 /* Sources */ = {
			isa = PBXSourcesBuildPhase;
			buildActionMask = 2147483647;
			files = (
			);
			runOnlyForDeploymentPostprocessing = 0;
		};
/* End PBXSourcesBuildPhase section */

/* Begin PBXTargetDependency section */
		EF44FC182FF1070B0053F4F1 /* PBXTargetDependency */ = {
			isa = PBXTargetDependency;
			target = EF44FC082FF107090053F4F1 /* TCA-learn */;
			targetProxy = EF44FC172FF1070B0053F4F1 /* PBXContainerItemProxy */;
		};
		EF44FC222FF1070B0053F4F1 /* PBXTargetDependency */ = {
			isa = PBXTargetDependency;
			target = EF44FC082FF107090053F4F1 /* TCA-learn */;
			targetProxy = EF44FC212FF1070B0053F4F1 /* PBXContainerItemProxy */;
		};
/* End PBXTargetDependency section */

/* Begin XCBuildConfiguration section */
		EF44FC282FF1070B0053F4F1 /* Debug */ = {
			isa = XCBuildConfiguration;
			buildSettings = {
				ALWAYS_SEARCH_USER_PATHS = NO;
				ASSETCATALOG_COMPILER_GENERATE_SWIFT_ASSET_SYMBOL_EXTENSIONS = YES;
				CLANG_ANALYZER_NONNULL = YES;
				CLANG_ANALYZER_NUMBER_OBJECT_CONVERSION = YES_AGGRESSIVE;
				CLANG_CXX_LANGUAGE_STANDARD = "gnu++20";
				CLANG_ENABLE_MODULES = YES;
				CLANG_ENABLE_OBJC_ARC = YES;
				CLANG_ENABLE_OBJC_WEAK = YES;
				CLANG_WARN_BLOCK_CAPTURE_AUTORELEASING = YES;
				CLANG_WARN_BOOL_CONVERSION = YES;
				CLANG_WARN_COMMA = YES;
				CLANG_WARN_CONSTANT_CONVERSION = YES;
				CLANG_WARN_DEPRECATED_OBJC_IMPLEMENTATIONS = YES;
				CLANG_WARN_DIRECT_OBJC_ISA_USAGE = YES_ERROR;
				CLANG_WARN_DOCUMENTATION_COMMENTS = YES;
				CLANG_WARN_EMPTY_BODY = YES;
				CLANG_WARN_ENUM_CONVERSION = YES;
				CLANG_WARN_INFINITE_RECURSION = YES;
				CLANG_WARN_INT_CONVERSION = YES;
				CLANG_WARN_NON_LITERAL_NULL_CONVERSION = YES;
				CLANG_WARN_OBJC_IMPLICIT_RETAIN_SELF = YES;
				CLANG_WARN_OBJC_LITERAL_CONVERSION = YES;
				CLANG_WARN_OBJC_ROOT_CLASS = YES_ERROR;
				CLANG_WARN_QUOTED_INCLUDE_IN_FRAMEWORK_HEADER = YES;
				CLANG_WARN_RANGE_LOOP_ANALYSIS = YES;
				CLANG_WARN_STRICT_PROTOTYPES = YES;
				CLANG_WARN_SUSPICIOUS_MOVE = YES;
				CLANG_WARN_UNGUARDED_AVAILABILITY = YES_AGGRESSIVE;
				CLANG_WARN_UNREACHABLE_CODE = YES;
				CLANG_WARN__DUPLICATE_METHOD_MATCH = YES;
				COPY_PHASE_STRIP = NO;
				DEBUG_INFORMATION_FORMAT = dwarf;
				DEVELOPMENT_TEAM = VQ4844U953;
				ENABLE_STRICT_OBJC_MSGSEND = YES;
				ENABLE_TESTABILITY = YES;
				ENABLE_USER_SCRIPT_SANDBOXING = YES;
				GCC_C_LANGUAGE_STANDARD = gnu17;
				GCC_DYNAMIC_NO_PIC = NO;
				GCC_NO_COMMON_BLOCKS = YES;
				GCC_OPTIMIZATION_LEVEL = 0;
				GCC_PREPROCESSOR_DEFINITIONS = (
					"DEBUG=1",
					"$(inherited)",
				);
				GCC_WARN_64_TO_32_BIT_CONVERSION = YES;
				GCC_WARN_ABOUT_RETURN_TYPE = YES_ERROR;
				GCC_WARN_UNDECLARED_SELECTOR = YES;
				GCC_WARN_UNINITIALIZED_AUTOS = YES_AGGRESSIVE;
				GCC_WARN_UNUSED_FUNCTION = YES;
				GCC_WARN_UNUSED_VARIABLE = YES;
				IPHONEOS_DEPLOYMENT_TARGET = 26.5;
				LOCALIZATION_PREFERS_STRING_CATALOGS = YES;
				MTL_ENABLE_DEBUG_INFO = INCLUDE_SOURCE;
				MTL_FAST_MATH = YES;
				ONLY_ACTIVE_ARCH = YES;
				SDKROOT = iphoneos;
				SWIFT_ACTIVE_COMPILATION_CONDITIONS = "DEBUG $(inherited)";
				SWIFT_OPTIMIZATION_LEVEL = "-Onone";
			};
			name = Debug;
		};
		EF44FC292FF1070B0053F4F1 /* Release */ = {
			isa = XCBuildConfiguration;
			buildSettings = {
				ALWAYS_SEARCH_USER_PATHS = NO;
				ASSETCATALOG_COMPILER_GENERATE_SWIFT_ASSET_SYMBOL_EXTENSIONS = YES;
				CLANG_ANALYZER_NONNULL = YES;
				CLANG_ANALYZER_NUMBER_OBJECT_CONVERSION = YES_AGGRESSIVE;
				CLANG_CXX_LANGUAGE_STANDARD = "gnu++20";
				CLANG_ENABLE_MODULES = YES;
				CLANG_ENABLE_OBJC_ARC = YES;
				CLANG_ENABLE_OBJC_WEAK = YES;
				CLANG_WARN_BLOCK_CAPTURE_AUTORELEASING = YES;
				CLANG_WARN_BOOL_CONVERSION = YES;
				CLANG_WARN_COMMA = YES;
				CLANG_WARN_CONSTANT_CONVERSION = YES;
				CLANG_WARN_DEPRECATED_OBJC_IMPLEMENTATIONS = YES;
				CLANG_WARN_DIRECT_OBJC_ISA_USAGE = YES_ERROR;
				CLANG_WARN_DOCUMENTATION_COMMENTS = YES;
				CLANG_WARN_EMPTY_BODY = YES;
				CLANG_WARN_ENUM_CONVERSION = YES;
				CLANG_WARN_INFINITE_RECURSION = YES;
				CLANG_WARN_INT_CONVERSION = YES;
				CLANG_WARN_NON_LITERAL_NULL_CONVERSION = YES;
				CLANG_WARN_OBJC_IMPLICIT_RETAIN_SELF = YES;
				CLANG_WARN_OBJC_LITERAL_CONVERSION = YES;
				CLANG_WARN_OBJC_ROOT_CLASS = YES_ERROR;
				CLANG_WARN_QUOTED_INCLUDE_IN_FRAMEWORK_HEADER = YES;
				CLANG_WARN_RANGE_LOOP_ANALYSIS = YES;
				CLANG_WARN_STRICT_PROTOTYPES = YES;
				CLANG_WARN_SUSPICIOUS_MOVE = YES;
				CLANG_WARN_UNGUARDED_AVAILABILITY = YES_AGGRESSIVE;
				CLANG_WARN_UNREACHABLE_CODE = YES;
				CLANG_WARN__DUPLICATE_METHOD_MATCH = YES;
				COPY_PHASE_STRIP = NO;
				DEBUG_INFORMATION_FORMAT = "dwarf-with-dsym";
				DEVELOPMENT_TEAM = VQ4844U953;
				ENABLE_NS_ASSERTIONS = NO;
				ENABLE_STRICT_OBJC_MSGSEND = YES;
				ENABLE_USER_SCRIPT_SANDBOXING = YES;
				GCC_C_LANGUAGE_STANDARD = gnu17;
				GCC_NO_COMMON_BLOCKS = YES;
				GCC_WARN_64_TO_32_BIT_CONVERSION = YES;
				GCC_WARN_ABOUT_RETURN_TYPE = YES_ERROR;
				GCC_WARN_UNDECLARED_SELECTOR = YES;
				GCC_WARN_UNINITIALIZED_AUTOS = YES_AGGRESSIVE;
				GCC_WARN_UNUSED_FUNCTION = YES;
				GCC_WARN_UNUSED_VARIABLE = YES;
				IPHONEOS_DEPLOYMENT_TARGET = 26.5;
				LOCALIZATION_PREFERS_STRING_CATALOGS = YES;
				MTL_ENABLE_DEBUG_INFO = NO;
				MTL_FAST_MATH = YES;
				SDKROOT = iphoneos;
				SWIFT_COMPILATION_MODE = wholemodule;
				VALIDATE_PRODUCT = YES;
			};
			name = Release;
		};
		EF44FC2B2FF1070B0053F4F1 /* Debug */ = {
			isa = XCBuildConfiguration;
			buildSettings = {
				ASSETCATALOG_COMPILER_APPICON_NAME = AppIcon;
				ASSETCATALOG_COMPILER_GLOBAL_ACCENT_COLOR_NAME = AccentColor;
				CODE_SIGN_STYLE = Automatic;
				CURRENT_PROJECT_VERSION = 1;
				DEVELOPMENT_TEAM = VQ4844U953;
				ENABLE_PREVIEWS = YES;
				GENERATE_INFOPLIST_FILE = YES;
				INFOPLIST_KEY_UIApplicationSceneManifest_Generation = YES;
				INFOPLIST_KEY_UIApplicationSupportsIndirectInputEvents = YES;
				INFOPLIST_KEY_UILaunchScreen_Generation = YES;
				INFOPLIST_KEY_UISupportedInterfaceOrientations_iPad = "UIInterfaceOrientationPortrait UIInterfaceOrientationPortraitUpsideDown UIInterfaceOrientationLandscapeLeft UIInterfaceOrientationLandscapeRight";
				INFOPLIST_KEY_UISupportedInterfaceOrientations_iPhone = "UIInterfaceOrientationPortrait UIInterfaceOrientationLandscapeLeft UIInterfaceOrientationLandscapeRight";
				LD_RUNPATH_SEARCH_PATHS = (
					"$(inherited)",
					"@executable_path/Frameworks",
				);
				MARKETING_VERSION = 1.0;
				PRODUCT_BUNDLE_IDENTIFIER = "EdenChow.TCA-learn";
				PRODUCT_NAME = "$(TARGET_NAME)";
				STRING_CATALOG_GENERATE_SYMBOLS = YES;
				SWIFT_APPROACHABLE_CONCURRENCY = YES;
				SWIFT_DEFAULT_ACTOR_ISOLATION = MainActor;
				SWIFT_EMIT_LOC_STRINGS = YES;
				SWIFT_UPCOMING_FEATURE_MEMBER_IMPORT_VISIBILITY = YES;
				SWIFT_VERSION = 5.0;
				TARGETED_DEVICE_FAMILY = "1,2";
			};
			name = Debug;
		};
		EF44FC2C2FF1070B0053F4F1 /* Release */ = {
			isa = XCBuildConfiguration;
			buildSettings = {
				ASSETCATALOG_COMPILER_APPICON_NAME = AppIcon;
				ASSETCATALOG_COMPILER_GLOBAL_ACCENT_COLOR_NAME = AccentColor;
				CODE_SIGN_STYLE = Automatic;
				CURRENT_PROJECT_VERSION = 1;
				DEVELOPMENT_TEAM = VQ4844U953;
				ENABLE_PREVIEWS = YES;
				GENERATE_INFOPLIST_FILE = YES;
				INFOPLIST_KEY_UIApplicationSceneManifest_Generation = YES;
				INFOPLIST_KEY_UIApplicationSupportsIndirectInputEvents = YES;
				INFOPLIST_KEY_UILaunchScreen_Generation = YES;
				INFOPLIST_KEY_UISupportedInterfaceOrientations_iPad = "UIInterfaceOrientationPortrait UIInterfaceOrientationPortraitUpsideDown UIInterfaceOrientationLandscapeLeft UIInterfaceOrientationLandscapeRight";
				INFOPLIST_KEY_UISupportedInterfaceOrientations_iPhone = "UIInterfaceOrientationPortrait UIInterfaceOrientationLandscapeLeft UIInterfaceOrientationLandscapeRight";
				LD_RUNPATH_SEARCH_PATHS = (
					"$(inherited)",
					"@executable_path/Frameworks",
				);
				MARKETING_VERSION = 1.0;
				PRODUCT_BUNDLE_IDENTIFIER = "EdenChow.TCA-learn";
				PRODUCT_NAME = "$(TARGET_NAME)";
				STRING_CATALOG_GENERATE_SYMBOLS = YES;
				SWIFT_APPROACHABLE_CONCURRENCY = YES;
				SWIFT_DEFAULT_ACTOR_ISOLATION = MainActor;
				SWIFT_EMIT_LOC_STRINGS = YES;
				SWIFT_UPCOMING_FEATURE_MEMBER_IMPORT_VISIBILITY = YES;
				SWIFT_VERSION = 5.0;
				TARGETED_DEVICE_FAMILY = "1,2";
			};
			name = Release;
		};
		EF44FC2E2FF1070B0053F4F1 /* Debug */ = {
			isa = XCBuildConfiguration;
			buildSettings = {
				BUNDLE_LOADER = "$(TEST_HOST)";
				CODE_SIGN_STYLE = Automatic;
				CURRENT_PROJECT_VERSION = 1;
				DEVELOPMENT_TEAM = VQ4844U953;
				GENERATE_INFOPLIST_FILE = YES;
				IPHONEOS_DEPLOYMENT_TARGET = 26.5;
				MARKETING_VERSION = 1.0;
				PRODUCT_BUNDLE_IDENTIFIER = "EdenChow.TCA-learnTests";
				PRODUCT_NAME = "$(TARGET_NAME)";
				STRING_CATALOG_GENERATE_SYMBOLS = NO;
				SWIFT_APPROACHABLE_CONCURRENCY = YES;
				SWIFT_EMIT_LOC_STRINGS = NO;
				SWIFT_UPCOMING_FEATURE_MEMBER_IMPORT_VISIBILITY = YES;
				SWIFT_VERSION = 5.0;
				TARGETED_DEVICE_FAMILY = "1,2";
				TEST_HOST = "$(BUILT_PRODUCTS_DIR)/TCA-learn.app/$(BUNDLE_EXECUTABLE_FOLDER_PATH)/TCA-learn";
			};
			name = Debug;
		};
		EF44FC2F2FF1070B0053F4F1 /* Release */ = {
			isa = XCBuildConfiguration;
			buildSettings = {
				BUNDLE_LOADER = "$(TEST_HOST)";
				CODE_SIGN_STYLE = Automatic;
				CURRENT_PROJECT_VERSION = 1;
				DEVELOPMENT_TEAM = VQ4844U953;
				GENERATE_INFOPLIST_FILE = YES;
				IPHONEOS_DEPLOYMENT_TARGET = 26.5;
				MARKETING_VERSION = 1.0;
				PRODUCT_BUNDLE_IDENTIFIER = "EdenChow.TCA-learnTests";
				PRODUCT_NAME = "$(TARGET_NAME)";
				STRING_CATALOG_GENERATE_SYMBOLS = NO;
				SWIFT_APPROACHABLE_CONCURRENCY = YES;
				SWIFT_EMIT_LOC_STRINGS = NO;
				SWIFT_UPCOMING_FEATURE_MEMBER_IMPORT_VISIBILITY = YES;
				SWIFT_VERSION = 5.0;
				TARGETED_DEVICE_FAMILY = "1,2";
				TEST_HOST = "$(BUILT_PRODUCTS_DIR)/TCA-learn.app/$(BUNDLE_EXECUTABLE_FOLDER_PATH)/TCA-learn";
			};
			name = Release;
		};
		EF44FC312FF1070B0053F4F1 /* Debug */ = {
			isa = XCBuildConfiguration;
			buildSettings = {
				CODE_SIGN_STYLE = Automatic;
				CURRENT_PROJECT_VERSION = 1;
				DEVELOPMENT_TEAM = VQ4844U953;
				GENERATE_INFOPLIST_FILE = YES;
				MARKETING_VERSION = 1.0;
				PRODUCT_BUNDLE_IDENTIFIER = "EdenChow.TCA-learnUITests";
				PRODUCT_NAME = "$(TARGET_NAME)";
				STRING_CATALOG_GENERATE_SYMBOLS = NO;
				SWIFT_APPROACHABLE_CONCURRENCY = YES;
				SWIFT_EMIT_LOC_STRINGS = NO;
				SWIFT_UPCOMING_FEATURE_MEMBER_IMPORT_VISIBILITY = YES;
				SWIFT_VERSION = 5.0;
				TARGETED_DEVICE_FAMILY = "1,2";
				TEST_TARGET_NAME = "TCA-learn";
			};
			name = Debug;
		};
		EF44FC322FF1070B0053F4F1 /* Release */ = {
			isa = XCBuildConfiguration;
			buildSettings = {
				CODE_SIGN_STYLE = Automatic;
				CURRENT_PROJECT_VERSION = 1;
				DEVELOPMENT_TEAM = VQ4844U953;
				GENERATE_INFOPLIST_FILE = YES;
				MARKETING_VERSION = 1.0;
				PRODUCT_BUNDLE_IDENTIFIER = "EdenChow.TCA-learnUITests";
				PRODUCT_NAME = "$(TARGET_NAME)";
				STRING_CATALOG_GENERATE_SYMBOLS = NO;
				SWIFT_APPROACHABLE_CONCURRENCY = YES;
				SWIFT_EMIT_LOC_STRINGS = NO;
				SWIFT_UPCOMING_FEATURE_MEMBER_IMPORT_VISIBILITY = YES;
				SWIFT_VERSION = 5.0;
				TARGETED_DEVICE_FAMILY = "1,2";
				TEST_TARGET_NAME = "TCA-learn";
			};
			name = Release;
		};
/* End XCBuildConfiguration section */

/* Begin XCConfigurationList section */
		EF44FC042FF107090053F4F1 /* Build configuration list for PBXProject "TCA-learn" */ = {
			isa = XCConfigurationList;
			buildConfigurations = (
				EF44FC282FF1070B0053F4F1 /* Debug */,
				EF44FC292FF1070B0053F4F1 /* Release */,
			);
			defaultConfigurationIsVisible = 0;
			defaultConfigurationName = Release;
		};
		EF44FC2A2FF1070B0053F4F1 /* Build configuration list for PBXNativeTarget "TCA-learn" */ = {
			isa = XCConfigurationList;
			buildConfigurations = (
				EF44FC2B2FF1070B0053F4F1 /* Debug */,
				EF44FC2C2FF1070B0053F4F1 /* Release */,
			);
			defaultConfigurationIsVisible = 0;
			defaultConfigurationName = Release;
		};
		EF44FC2D2FF1070B0053F4F1 /* Build configuration list for PBXNativeTarget "TCA-learnTests" */ = {
			isa = XCConfigurationList;
			buildConfigurations = (
				EF44FC2E2FF1070B0053F4F1 /* Debug */,
				EF44FC2F2FF1070B0053F4F1 /* Release */,
			);
			defaultConfigurationIsVisible = 0;
			defaultConfigurationName = Release;
		};
		EF44FC302FF1070B0053F4F1 /* Build configuration list for PBXNativeTarget "TCA-learnUITests" */ = {
			isa = XCConfigurationList;
			buildConfigurations = (
				EF44FC312FF1070B0053F4F1 /* Debug */,
				EF44FC322FF1070B0053F4F1 /* Release */,
			);
			defaultConfigurationIsVisible = 0;
			defaultConfigurationName = Release;
		};
/* End XCConfigurationList section */

/* Begin XCRemoteSwiftPackageReference section */
		EF44FC332FF107580053F4F1 /* XCRemoteSwiftPackageReference "swift-composable-architecture" */ = {
			isa = XCRemoteSwiftPackageReference;
			repositoryURL = "https://github.com/pointfreeco/swift-composable-architecture";
			requirement = {
				kind = upToNextMajorVersion;
				minimumVersion = 1.26.0;
			};
			traits = (
			);
		};
/* End XCRemoteSwiftPackageReference section */

/* Begin XCSwiftPackageProductDependency section */
		EF44FC352FF1076C0053F4F1 /* ComposableArchitecture */ = {
			isa = XCSwiftPackageProductDependency;
			package = EF44FC332FF107580053F4F1 /* XCRemoteSwiftPackageReference "swift-composable-architecture" */;
			productName = ComposableArchitecture;
		};
/* End XCSwiftPackageProductDependency section */
	};
	rootObject = EF44FC012FF107090053F4F1 /* Project object */;
}
